
Microsoft Visual Studio Solution File, Format Version 11.00
# Visual Studio 2010
Project("{FAE04EC0-301F-11D3-BF4B-00C04F79EFBC}") = "AzureStorageExamples", "AzureStorageExamples\AzureStorageExamples.csproj", "{DD56C5B8-0808-4F50-8A57-2F612EA962F1}"
EndProject
Project("{FAE04EC0-301F-11D3-BF4B-00C04F79EFBC}") = "AzureStorageExamples.Data", "AzureStorageExamples.Data\AzureStorageExamples.Data.csproj", "{6E013A8F-8629-447F-AEFB-D3D7A89E2BCB}"
EndProject
Global
	GlobalSection(SubversionScc) = preSolution
		Svn-Managed = True
		Manager = AnkhSVN - Subversion Support for Visual Studio
	EndGlobalSection
	GlobalSection(SolutionConfigurationPlatforms) = preSolution
		Debug|Any CPU = Debug|Any CPU
		Debug|Mixed Platforms = Debug|Mixed Platforms
		Debug|x86 = Debug|x86
		Release|Any CPU = Release|Any CPU
		Release|Mixed Platforms = Release|Mixed Platforms
		Release|x86 = Release|x86
	EndGlobalSection
	GlobalSection(ProjectConfigurationPlatforms) = postSolution
		{DD56C5B8-0808-4F50-8A57-2F612EA962F1}.Debug|Any CPU.ActiveCfg = Debug|x86
		{DD56C5B8-0808-4F50-8A57-2F612EA962F1}.Debug|Mixed Platforms.ActiveCfg = Debug|x86
		{DD56C5B8-0808-4F50-8A57-2F612EA962F1}.Debug|Mixed Platforms.Build.0 = Debug|x86
		{DD56C5B8-0808-4F50-8A57-2F612EA962F1}.Debug|x86.ActiveCfg = Debug|x86
		{DD56C5B8-0808-4F50-8A57-2F612EA962F1}.Debug|x86.Build.0 = Debug|x86
		{DD56C5B8-0808-4F50-8A57-2F612EA962F1}.Release|Any CPU.ActiveCfg = Release|x86
		{DD56C5B8-0808-4F50-8A57-2F612EA962F1}.Release|Mixed Platforms.ActiveCfg = Release|x86
		{DD56C5B8-0808-4F50-8A57-2F612EA962F1}.Release|Mixed Platforms.Build.0 = Release|x86
		{DD56C5B8-0808-4F50-8A57-2F612EA962F1}.Release|x86.ActiveCfg = Release|x86
		{DD56C5B8-0808-4F50-8A57-2F612EA962F1}.Release|x86.Build.0 = Release|x86
		{6E013A8F-8629-447F-AEFB-D3D7A89E2BCB}.Debug|Any CPU.ActiveCfg = Debug|Any CPU
		{6E013A8F-8629-447F-AEFB-D3D7A89E2BCB}.Debug|Any CPU.Build.0 = Debug|Any CPU
		{6E013A8F-8629-447F-AEFB-D3D7A89E2BCB}.Debug|Mixed Platforms.ActiveCfg = Debug|Any CPU
		{6E013A8F-8629-447F-AEFB-D3D7A89E2BCB}.Debug|Mixed Platforms.Build.0 = Debug|Any CPU
		{6E013A8F-8629-447F-AEFB-D3D7A89E2BCB}.Debug|x86.ActiveCfg = Debug|Any CPU
		{6E013A8F-8629-447F-AEFB-D3D7A89E2BCB}.Release|Any CPU.ActiveCfg = Release|Any CPU
		{6E013A8F-8629-447F-AEFB-D3D7A89E2BCB}.Release|Any CPU.Build.0 = Release|Any CPU
		{6E013A8F-8629-447F-AEFB-D3D7A89E2BCB}.Release|Mixed Platforms.ActiveCfg = Release|Any CPU
		{6E013A8F-8629-447F-AEFB-D3D7A89E2BCB}.Release|Mixed Platforms.Build.0 = Release|Any CPU
		{6E013A8F-8629-447F-AEFB-D3D7A89E2BCB}.Release|x86.ActiveCfg = Release|Any CPU
	EndGlobalSection
	GlobalSection(SolutionProperties) = preSolution
		HideSolutionNode = FALSE
	EndGlobalSection
EndGlobal
